<Solution>
  <Folder Name="/src/">
    <Project Path="src/HalfLink.Core/HalfLink.Core.csproj" />
    <Project Path="src/HalfLink.Data/HalfLink.Data.csproj" />
    <Project Path="src/HalfLink.UI/HalfLink.UI.csproj" />
  </Folder>
  <Folder Name="/tests/">
    <Project Path="tests/HalfLink.Core.Tests/HalfLink.Core.Tests.csproj" />
  </Folder>
</Solution>
